
Microsoft Visual Studio Solution File, Format Version 12.00
# Visual Studio Version 16
VisualStudioVersion = 16.0.29613.14
MinimumVisualStudioVersion = 10.0.40219.1
Project("{9A19103F-16F7-4668-BE54-9A1E7A4F7556}") = "BlazorLife", "BlazorLife\BlazorLife.csproj", "{4889E12A-6A27-4918-94BD-7472BF4A1666}"
EndProject
Project("{FAE04EC0-301F-11D3-BF4B-00C04F79EFBC}") = "GameModel", "GameModel\GameModel.csproj", "{2BA30F89-E6FF-4C6E-B4B9-B018329C5C4B}"
EndProject
Global
	GlobalSection(SolutionConfigurationPlatforms) = preSolution
		Debug|Any CPU = Debug|Any CPU
		Release|Any CPU = Release|Any CPU
	EndGlobalSection
	GlobalSection(ProjectConfigurationPlatforms) = postSolution
		{4889E12A-6A27-4918-94BD-7472BF4A1666}.Debug|Any CPU.ActiveCfg = Debug|Any CPU
		{4889E12A-6A27-4918-94BD-7472BF4A1666}.Debug|Any CPU.Build.0 = Debug|Any CPU
		{4889E12A-6A27-4918-94BD-7472BF4A1666}.Release|Any CPU.ActiveCfg = Release|Any CPU
		{4889E12A-6A27-4918-94BD-7472BF4A1666}.Release|Any CPU.Build.0 = Release|Any CPU
		{2BA30F89-E6FF-4C6E-B4B9-B018329C5C4B}.Debug|Any CPU.ActiveCfg = Debug|Any CPU
		{2BA30F89-E6FF-4C6E-B4B9-B018329C5C4B}.Debug|Any CPU.Build.0 = Debug|Any CPU
		{2BA30F89-E6FF-4C6E-B4B9-B018329C5C4B}.Release|Any CPU.ActiveCfg = Release|Any CPU
		{2BA30F89-E6FF-4C6E-B4B9-B018329C5C4B}.Release|Any CPU.Build.0 = Release|Any CPU
	EndGlobalSection
	GlobalSection(SolutionProperties) = preSolution
		HideSolutionNode = FALSE
	EndGlobalSection
	GlobalSection(ExtensibilityGlobals) = postSolution
		SolutionGuid = {6FAB02EF-EEF2-4A36-B737-46BABF2CDDBE}
	EndGlobalSection
EndGlobal
